
Microsoft Visual Studio Solution File, Format Version 12.00
# Visual Studio Version 17
VisualStudioVersion = 17.9.34723.18
MinimumVisualStudioVersion = 10.0.40219.1
Project("{FAE04EC0-301F-11D3-BF4B-00C04F79EFBC}") = "Pim3", "Pim3.csproj", "{CE035C88-9FBA-445C-B04E-A43BE5CFF7C1}"
EndProject
Global
	GlobalSection(SolutionConfigurationPlatforms) = preSolution
		Debug|Any CPU = Debug|Any CPU
		Release|Any CPU = Release|Any CPU
	EndGlobalSection
	GlobalSection(ProjectConfigurationPlatforms) = postSolution
		{CE035C88-9FBA-445C-B04E-A43BE5CFF7C1}.Debug|Any CPU.ActiveCfg = Debug|Any CPU
		{CE035C88-9FBA-445C-B04E-A43BE5CFF7C1}.Debug|Any CPU.Build.0 = Debug|Any CPU
		{CE035C88-9FBA-445C-B04E-A43BE5CFF7C1}.Release|Any CPU.ActiveCfg = Release|Any CPU
		{CE035C88-9FBA-445C-B04E-A43BE5CFF7C1}.Release|Any CPU.Build.0 = Release|Any CPU
	EndGlobalSection
	GlobalSection(SolutionProperties) = preSolution
		HideSolutionNode = FALSE
	EndGlobalSection
	GlobalSection(ExtensibilityGlobals) = postSolution
		SolutionGuid = {40AB74DB-0F25-4412-AE34-8702E4AEEB85}
	EndGlobalSection
EndGlobal
